
Microsoft Visual Studio Solution File, Format Version 12.00
# Visual Studio Version 17
VisualStudioVersion = 17.4.33213.308
MinimumVisualStudioVersion = 10.0.40219.1
Project("{FAE04EC0-301F-11D3-BF4B-00C04F79EFBC}") = "BANHANG", "BANHANG\BANHANG.csproj", "{412DDA69-E91E-40C1-8892-C2406BE99FC0}"
EndProject
Global
	GlobalSection(SolutionConfigurationPlatforms) = preSolution
		Debug|Any CPU = Debug|Any CPU
		Release|Any CPU = Release|Any CPU
	EndGlobalSection
	GlobalSection(ProjectConfigurationPlatforms) = postSolution
		{412DDA69-E91E-40C1-8892-C2406BE99FC0}.Debug|Any CPU.ActiveCfg = Debug|Any CPU
		{412DDA69-E91E-40C1-8892-C2406BE99FC0}.Debug|Any CPU.Build.0 = Debug|Any CPU
		{412DDA69-E91E-40C1-8892-C2406BE99FC0}.Release|Any CPU.ActiveCfg = Release|Any CPU
		{412DDA69-E91E-40C1-8892-C2406BE99FC0}.Release|Any CPU.Build.0 = Release|Any CPU
	EndGlobalSection
	GlobalSection(SolutionProperties) = preSolution
		HideSolutionNode = FALSE
	EndGlobalSection
	GlobalSection(ExtensibilityGlobals) = postSolution
		SolutionGuid = {D4279250-E4F4-41F7-B0F3-1B4F9D901777}
	EndGlobalSection
EndGlobal
